# THIS IS AN AUTOGENERATED FILE. DO NOT EDIT THIS FILE DIRECTLY.
# yarn lockfile v1


minimist@^1.2.0:
  version "1.2.5"
  resolved "https://registry.yarnpkg.com/minimist/-/minimist-1.2.5.tgz#67d66014b66a6a8aaa0c083c5fd58df4e4e97602"
  integrity sha512-FM9nNUYrRBAELZQT3xeZQ7fmMOBg6nWNmJKTcgsJeaLstP/UODVpGsr5OhXhhXg6f+qtJ8uiZ+PUxkDWcgIXLw==

push-dir@^0.4.1:
  version "0.4.1"
  resolved "https://registry.yarnpkg.com/push-dir/-/push-dir-0.4.1.tgz#29481eacd9c2106bbb7941db6d37d122a071ecb4"
  integrity sha1-KUgerNnCEGu7eUHbbTfRIqBx7LQ=
  dependencies:
    minimist "^1.2.0"
